
Microsoft Visual Studio Solution File, Format Version 12.00
# Visual Studio Version 16
VisualStudioVersion = 16.0.28922.388
MinimumVisualStudioVersion = 10.0.40219.1
Project("{9A19103F-16F7-4668-BE54-9A1E7A4F7556}") = "TemporaryResults", "TemporaryResults\TemporaryResults.csproj", "{C2413722-97A7-4BDA-B1DF-F1FC9EA8BD7C}"
EndProject
Global
	GlobalSection(SolutionConfigurationPlatforms) = preSolution
		Debug|Any CPU = Debug|Any CPU
		Release|Any CPU = Release|Any CPU
	EndGlobalSection
	GlobalSection(ProjectConfigurationPlatforms) = postSolution
		{C2413722-97A7-4BDA-B1DF-F1FC9EA8BD7C}.Debug|Any CPU.ActiveCfg = Debug|Any CPU
		{C2413722-97A7-4BDA-B1DF-F1FC9EA8BD7C}.Debug|Any CPU.Build.0 = Debug|Any CPU
		{C2413722-97A7-4BDA-B1DF-F1FC9EA8BD7C}.Release|Any CPU.ActiveCfg = Release|Any CPU
		{C2413722-97A7-4BDA-B1DF-F1FC9EA8BD7C}.Release|Any CPU.Build.0 = Release|Any CPU
	EndGlobalSection
	GlobalSection(SolutionProperties) = preSolution
		HideSolutionNode = FALSE
	EndGlobalSection
	GlobalSection(ExtensibilityGlobals) = postSolution
		SolutionGuid = {09E64090-B522-4203-92D5-F049B13C4C01}
	EndGlobalSection
EndGlobal
